
Microsoft Visual Studio Solution File, Format Version 12.00
# Visual Studio Version 16
VisualStudioVersion = 16.0.31019.35
MinimumVisualStudioVersion = 10.0.40219.1
Project("{FAE04EC0-301F-11D3-BF4B-00C04F79EFBC}") = "ZadanieSpisuci", "ZadanieSpisuci\ZadanieSpisuci.csproj", "{5A7BCC24-A561-475F-9B23-441B1EEC6327}"
EndProject
Global
	GlobalSection(SolutionConfigurationPlatforms) = preSolution
		Debug|Any CPU = Debug|Any CPU
		Release|Any CPU = Release|Any CPU
	EndGlobalSection
	GlobalSection(ProjectConfigurationPlatforms) = postSolution
		{5A7BCC24-A561-475F-9B23-441B1EEC6327}.Debug|Any CPU.ActiveCfg = Debug|Any CPU
		{5A7BCC24-A561-475F-9B23-441B1EEC6327}.Debug|Any CPU.Build.0 = Debug|Any CPU
		{5A7BCC24-A561-475F-9B23-441B1EEC6327}.Release|Any CPU.ActiveCfg = Release|Any CPU
		{5A7BCC24-A561-475F-9B23-441B1EEC6327}.Release|Any CPU.Build.0 = Release|Any CPU
	EndGlobalSection
	GlobalSection(SolutionProperties) = preSolution
		HideSolutionNode = FALSE
	EndGlobalSection
	GlobalSection(ExtensibilityGlobals) = postSolution
		SolutionGuid = {4C3E8793-CEEA-4F3D-B196-17921F5AE403}
	EndGlobalSection
EndGlobal
