
Microsoft Visual Studio Solution File, Format Version 12.00
# Visual Studio Version 16
VisualStudioVersion = 16.0.31729.503
MinimumVisualStudioVersion = 10.0.40219.1
Project("{FAE04EC0-301F-11D3-BF4B-00C04F79EFBC}") = "Registraciq", "Registraciq\Registraciq.csproj", "{7CF68BC0-6705-43AC-B6EA-F153B6B673DC}"
EndProject
Global
	GlobalSection(SolutionConfigurationPlatforms) = preSolution
		Debug|Any CPU = Debug|Any CPU
		Release|Any CPU = Release|Any CPU
	EndGlobalSection
	GlobalSection(ProjectConfigurationPlatforms) = postSolution
		{7CF68BC0-6705-43AC-B6EA-F153B6B673DC}.Debug|Any CPU.ActiveCfg = Debug|Any CPU
		{7CF68BC0-6705-43AC-B6EA-F153B6B673DC}.Debug|Any CPU.Build.0 = Debug|Any CPU
		{7CF68BC0-6705-43AC-B6EA-F153B6B673DC}.Release|Any CPU.ActiveCfg = Release|Any CPU
		{7CF68BC0-6705-43AC-B6EA-F153B6B673DC}.Release|Any CPU.Build.0 = Release|Any CPU
	EndGlobalSection
	GlobalSection(SolutionProperties) = preSolution
		HideSolutionNode = FALSE
	EndGlobalSection
	GlobalSection(ExtensibilityGlobals) = postSolution
		SolutionGuid = {394DBE9B-EB92-4FB5-9E48-8626A6CD4104}
	EndGlobalSection
EndGlobal
