
Microsoft Visual Studio Solution File, Format Version 12.00
# Visual Studio Version 16
VisualStudioVersion = 16.0.31019.35
MinimumVisualStudioVersion = 10.0.40219.1
Project("{9A19103F-16F7-4668-BE54-9A1E7A4F7556}") = "TelUkazatel", "ZadNechetniSreshtaniq\TelUkazatel.csproj", "{DD908905-3961-4E62-A685-E4A8D0D34590}"
EndProject
Project("{FAE04EC0-301F-11D3-BF4B-00C04F79EFBC}") = "NechetniSreshtaniq", "NechetniSreshtaniq\NechetniSreshtaniq.csproj", "{D6D4410F-4D21-41EA-BF44-8A6C86C3E2E3}"
EndProject
Project("{FAE04EC0-301F-11D3-BF4B-00C04F79EFBC}") = "MIniorskaZad", "MIniorskaZad\MIniorskaZad.csproj", "{86551707-5451-4C5F-9790-FF6350CA3C7D}"
EndProject
Global
	GlobalSection(SolutionConfigurationPlatforms) = preSolution
		Debug|Any CPU = Debug|Any CPU
		Release|Any CPU = Release|Any CPU
	EndGlobalSection
	GlobalSection(ProjectConfigurationPlatforms) = postSolution
		{DD908905-3961-4E62-A685-E4A8D0D34590}.Debug|Any CPU.ActiveCfg = Debug|Any CPU
		{DD908905-3961-4E62-A685-E4A8D0D34590}.Debug|Any CPU.Build.0 = Debug|Any CPU
		{DD908905-3961-4E62-A685-E4A8D0D34590}.Release|Any CPU.ActiveCfg = Release|Any CPU
		{DD908905-3961-4E62-A685-E4A8D0D34590}.Release|Any CPU.Build.0 = Release|Any CPU
		{D6D4410F-4D21-41EA-BF44-8A6C86C3E2E3}.Debug|Any CPU.ActiveCfg = Debug|Any CPU
		{D6D4410F-4D21-41EA-BF44-8A6C86C3E2E3}.Debug|Any CPU.Build.0 = Debug|Any CPU
		{D6D4410F-4D21-41EA-BF44-8A6C86C3E2E3}.Release|Any CPU.ActiveCfg = Release|Any CPU
		{D6D4410F-4D21-41EA-BF44-8A6C86C3E2E3}.Release|Any CPU.Build.0 = Release|Any CPU
		{86551707-5451-4C5F-9790-FF6350CA3C7D}.Debug|Any CPU.ActiveCfg = Debug|Any CPU
		{86551707-5451-4C5F-9790-FF6350CA3C7D}.Debug|Any CPU.Build.0 = Debug|Any CPU
		{86551707-5451-4C5F-9790-FF6350CA3C7D}.Release|Any CPU.ActiveCfg = Release|Any CPU
		{86551707-5451-4C5F-9790-FF6350CA3C7D}.Release|Any CPU.Build.0 = Release|Any CPU
	EndGlobalSection
	GlobalSection(SolutionProperties) = preSolution
		HideSolutionNode = FALSE
	EndGlobalSection
	GlobalSection(ExtensibilityGlobals) = postSolution
		SolutionGuid = {C76CD9C5-FC06-48F0-B095-2FE3E051078F}
	EndGlobalSection
EndGlobal
